
Microsoft Visual Studio Solution File, Format Version 12.00
# Visual Studio Version 16
VisualStudioVersion = 16.0.30406.217
MinimumVisualStudioVersion = 10.0.40219.1
Project("{9A19103F-16F7-4668-BE54-9A1E7A4F7556}") = "FirstConsoleProgram", "FirstConsoleProgram\FirstConsoleProgram.csproj", "{12828A84-FE13-4919-88D9-B16BCAE06A4E}"
EndProject
Project("{9A19103F-16F7-4668-BE54-9A1E7A4F7556}") = "VariablesOperatorsAndExpressions", "VariablesOperatorsAndExpressions\VariablesOperatorsAndExpressions.csproj", "{30EDBD9F-8EF8-4941-B7D7-945C54A54664}"
EndProject
Project("{9A19103F-16F7-4668-BE54-9A1E7A4F7556}") = "IfStatements", "IfStatements\IfStatements.csproj", "{D1CD93FC-A580-4077-B871-2FC2D8672F82}"
EndProject
Project("{9A19103F-16F7-4668-BE54-9A1E7A4F7556}") = "Functions", "Functions\Functions.csproj", "{6EAED9E4-A3D5-47F0-9A33-68B3A9C2C6C5}"
EndProject
Project("{9A19103F-16F7-4668-BE54-9A1E7A4F7556}") = "IfStatementsExercise", "IfStatementsExercise\IfStatementsExercise.csproj", "{0A038CB5-1BBA-491F-846A-FEA19F53D1B4}"
EndProject
Project("{9A19103F-16F7-4668-BE54-9A1E7A4F7556}") = "Properties", "Properties\Properties.csproj", "{B16A2299-94B4-4126-B962-2B6860B0D82E}"
EndProject
Project("{9A19103F-16F7-4668-BE54-9A1E7A4F7556}") = "GuessTheNumber", "GuessTheNumber\GuessTheNumber.csproj", "{16830E06-2966-45C2-AE92-FC68DED233AF}"
EndProject
Project("{9A19103F-16F7-4668-BE54-9A1E7A4F7556}") = "Classes", "Classes\Classes.csproj", "{DCF073D2-D563-40A3-9D76-11E7CB3DBCE8}"
EndProject
Project("{9A19103F-16F7-4668-BE54-9A1E7A4F7556}") = "LoopsExercise", "LoopsExercise\LoopsExercise.csproj", "{C57D4BEB-8AC0-4DEA-AF66-F28FBFD658CE}"
EndProject
Project("{9A19103F-16F7-4668-BE54-9A1E7A4F7556}") = "FunctionsExercise", "FunctionsExercise\FunctionsExercise.csproj", "{7D0BBB57-F53A-4C17-9637-F15B483C57CA}"
EndProject
Project("{9A19103F-16F7-4668-BE54-9A1E7A4F7556}") = "ClassesHandbookExercise", "ClassesHandbookExercise\ClassesHandbookExercise.csproj", "{D083CFC9-B7A1-4D90-A1F5-B8CB516734EA}"
EndProject
Project("{9A19103F-16F7-4668-BE54-9A1E7A4F7556}") = "BirthdayCake", "BirthdayCake\BirthdayCake.csproj", "{619A21C6-C2CA-46C3-9D13-ABDF87D75D11}"
EndProject
Project("{9A19103F-16F7-4668-BE54-9A1E7A4F7556}") = "Object-OrientedProgrammingExercise", "Object-OrientedProgrammingExercise\Object-OrientedProgrammingExercise.csproj", "{56255EAD-16EE-46F0-B2B7-A40F4163059B}"
EndProject
Project("{FAE04EC0-301F-11D3-BF4B-00C04F79EFBC}") = "Blackjack", "Blackjack (Student)\Blackjack\Blackjack.csproj", "{CC95B04B-88F7-4DCD-A9D2-6D36DC3D7E17}"
EndProject
Global
	GlobalSection(SolutionConfigurationPlatforms) = preSolution
		Debug|Any CPU = Debug|Any CPU
		Release|Any CPU = Release|Any CPU
	EndGlobalSection
	GlobalSection(ProjectConfigurationPlatforms) = postSolution
		{12828A84-FE13-4919-88D9-B16BCAE06A4E}.Debug|Any CPU.ActiveCfg = Debug|Any CPU
		{12828A84-FE13-4919-88D9-B16BCAE06A4E}.Debug|Any CPU.Build.0 = Debug|Any CPU
		{12828A84-FE13-4919-88D9-B16BCAE06A4E}.Release|Any CPU.ActiveCfg = Release|Any CPU
		{12828A84-FE13-4919-88D9-B16BCAE06A4E}.Release|Any CPU.Build.0 = Release|Any CPU
		{30EDBD9F-8EF8-4941-B7D7-945C54A54664}.Debug|Any CPU.ActiveCfg = Debug|Any CPU
		{30EDBD9F-8EF8-4941-B7D7-945C54A54664}.Debug|Any CPU.Build.0 = Debug|Any CPU
		{30EDBD9F-8EF8-4941-B7D7-945C54A54664}.Release|Any CPU.ActiveCfg = Release|Any CPU
		{30EDBD9F-8EF8-4941-B7D7-945C54A54664}.Release|Any CPU.Build.0 = Release|Any CPU
		{D1CD93FC-A580-4077-B871-2FC2D8672F82}.Debug|Any CPU.ActiveCfg = Debug|Any CPU
		{D1CD93FC-A580-4077-B871-2FC2D8672F82}.Debug|Any CPU.Build.0 = Debug|Any CPU
		{D1CD93FC-A580-4077-B871-2FC2D8672F82}.Release|Any CPU.ActiveCfg = Release|Any CPU
		{D1CD93FC-A580-4077-B871-2FC2D8672F82}.Release|Any CPU.Build.0 = Release|Any CPU
		{6EAED9E4-A3D5-47F0-9A33-68B3A9C2C6C5}.Debug|Any CPU.ActiveCfg = Debug|Any CPU
		{6EAED9E4-A3D5-47F0-9A33-68B3A9C2C6C5}.Debug|Any CPU.Build.0 = Debug|Any CPU
		{6EAED9E4-A3D5-47F0-9A33-68B3A9C2C6C5}.Release|Any CPU.ActiveCfg = Release|Any CPU
		{6EAED9E4-A3D5-47F0-9A33-68B3A9C2C6C5}.Release|Any CPU.Build.0 = Release|Any CPU
		{0A038CB5-1BBA-491F-846A-FEA19F53D1B4}.Debug|Any CPU.ActiveCfg = Debug|Any CPU
		{0A038CB5-1BBA-491F-846A-FEA19F53D1B4}.Debug|Any CPU.Build.0 = Debug|Any CPU
		{0A038CB5-1BBA-491F-846A-FEA19F53D1B4}.Release|Any CPU.ActiveCfg = Release|Any CPU
		{0A038CB5-1BBA-491F-846A-FEA19F53D1B4}.Release|Any CPU.Build.0 = Release|Any CPU
		{B16A2299-94B4-4126-B962-2B6860B0D82E}.Debug|Any CPU.ActiveCfg = Debug|Any CPU
		{B16A2299-94B4-4126-B962-2B6860B0D82E}.Debug|Any CPU.Build.0 = Debug|Any CPU
		{B16A2299-94B4-4126-B962-2B6860B0D82E}.Release|Any CPU.ActiveCfg = Release|Any CPU
		{B16A2299-94B4-4126-B962-2B6860B0D82E}.Release|Any CPU.Build.0 = Release|Any CPU
		{16830E06-2966-45C2-AE92-FC68DED233AF}.Debug|Any CPU.ActiveCfg = Debug|Any CPU
		{16830E06-2966-45C2-AE92-FC68DED233AF}.Debug|Any CPU.Build.0 = Debug|Any CPU
		{16830E06-2966-45C2-AE92-FC68DED233AF}.Release|Any CPU.ActiveCfg = Release|Any CPU
		{16830E06-2966-45C2-AE92-FC68DED233AF}.Release|Any CPU.Build.0 = Release|Any CPU
		{DCF073D2-D563-40A3-9D76-11E7CB3DBCE8}.Debug|Any CPU.ActiveCfg = Debug|Any CPU
		{DCF073D2-D563-40A3-9D76-11E7CB3DBCE8}.Debug|Any CPU.Build.0 = Debug|Any CPU
		{DCF073D2-D563-40A3-9D76-11E7CB3DBCE8}.Release|Any CPU.ActiveCfg = Release|Any CPU
		{DCF073D2-D563-40A3-9D76-11E7CB3DBCE8}.Release|Any CPU.Build.0 = Release|Any CPU
		{C57D4BEB-8AC0-4DEA-AF66-F28FBFD658CE}.Debug|Any CPU.ActiveCfg = Debug|Any CPU
		{C57D4BEB-8AC0-4DEA-AF66-F28FBFD658CE}.Debug|Any CPU.Build.0 = Debug|Any CPU
		{C57D4BEB-8AC0-4DEA-AF66-F28FBFD658CE}.Release|Any CPU.ActiveCfg = Release|Any CPU
		{C57D4BEB-8AC0-4DEA-AF66-F28FBFD658CE}.Release|Any CPU.Build.0 = Release|Any CPU
		{7D0BBB57-F53A-4C17-9637-F15B483C57CA}.Debug|Any CPU.ActiveCfg = Debug|Any CPU
		{7D0BBB57-F53A-4C17-9637-F15B483C57CA}.Debug|Any CPU.Build.0 = Debug|Any CPU
		{7D0BBB57-F53A-4C17-9637-F15B483C57CA}.Release|Any CPU.ActiveCfg = Release|Any CPU
		{7D0BBB57-F53A-4C17-9637-F15B483C57CA}.Release|Any CPU.Build.0 = Release|Any CPU
		{D083CFC9-B7A1-4D90-A1F5-B8CB516734EA}.Debug|Any CPU.ActiveCfg = Debug|Any CPU
		{D083CFC9-B7A1-4D90-A1F5-B8CB516734EA}.Debug|Any CPU.Build.0 = Debug|Any CPU
		{D083CFC9-B7A1-4D90-A1F5-B8CB516734EA}.Release|Any CPU.ActiveCfg = Release|Any CPU
		{D083CFC9-B7A1-4D90-A1F5-B8CB516734EA}.Release|Any CPU.Build.0 = Release|Any CPU
		{619A21C6-C2CA-46C3-9D13-ABDF87D75D11}.Debug|Any CPU.ActiveCfg = Debug|Any CPU
		{619A21C6-C2CA-46C3-9D13-ABDF87D75D11}.Debug|Any CPU.Build.0 = Debug|Any CPU
		{619A21C6-C2CA-46C3-9D13-ABDF87D75D11}.Release|Any CPU.ActiveCfg = Release|Any CPU
		{619A21C6-C2CA-46C3-9D13-ABDF87D75D11}.Release|Any CPU.Build.0 = Release|Any CPU
		{56255EAD-16EE-46F0-B2B7-A40F4163059B}.Debug|Any CPU.ActiveCfg = Debug|Any CPU
		{56255EAD-16EE-46F0-B2B7-A40F4163059B}.Debug|Any CPU.Build.0 = Debug|Any CPU
		{56255EAD-16EE-46F0-B2B7-A40F4163059B}.Release|Any CPU.ActiveCfg = Release|Any CPU
		{56255EAD-16EE-46F0-B2B7-A40F4163059B}.Release|Any CPU.Build.0 = Release|Any CPU
		{CC95B04B-88F7-4DCD-A9D2-6D36DC3D7E17}.Debug|Any CPU.ActiveCfg = Debug|Any CPU
		{CC95B04B-88F7-4DCD-A9D2-6D36DC3D7E17}.Debug|Any CPU.Build.0 = Debug|Any CPU
		{CC95B04B-88F7-4DCD-A9D2-6D36DC3D7E17}.Release|Any CPU.ActiveCfg = Release|Any CPU
		{CC95B04B-88F7-4DCD-A9D2-6D36DC3D7E17}.Release|Any CPU.Build.0 = Release|Any CPU
	EndGlobalSection
	GlobalSection(SolutionProperties) = preSolution
		HideSolutionNode = FALSE
	EndGlobalSection
	GlobalSection(ExtensibilityGlobals) = postSolution
		SolutionGuid = {D10C30BF-250A-460A-A51F-54C6BA8726AD}
	EndGlobalSection
EndGlobal
